
Microsoft Visual Studio Solution File, Format Version 12.00
# Visual Studio Version 17
VisualStudioVersion = 17.6.33815.320
MinimumVisualStudioVersion = 10.0.40219.1
Project("{D954291E-2A0B-460D-934E-DC6B0785DB48}") = "ALBRT.overlay.cs", "ALBRT.overlay.cs\ALBRT.overlay.cs.shproj", "{FC3550D9-4A61-48CB-A828-B15F5CDF26A9}"
EndProject
Global
	GlobalSection(SolutionProperties) = preSolution
		HideSolutionNode = FALSE
	EndGlobalSection
	GlobalSection(ExtensibilityGlobals) = postSolution
		SolutionGuid = {006D2BC7-16A2-42BF-94BC-82B880A1E70A}
	EndGlobalSection
	GlobalSection(SharedMSBuildProjectFiles) = preSolution
		ALBRT.overlay.cs\ALBRT.overlay.cs.projitems*{fc3550d9-4a61-48cb-a828-b15f5cdf26a9}*SharedItemsImports = 13
	EndGlobalSection
EndGlobal
